
Microsoft Visual Studio Solution File, Format Version 12.00
# Visual Studio Version 16
VisualStudioVersion = 16.0.30204.135
MinimumVisualStudioVersion = 10.0.40219.1
Project("{2150E333-8FDC-42A3-9474-1A3956D46DE8}") = "src", "src", "{F5A212F4-1A13-4321-9C11-409081750216}"
EndProject
Project("{2150E333-8FDC-42A3-9474-1A3956D46DE8}") = "CatalogAPI", "CatalogAPI", "{B09F3B01-F470-4D98-BB6C-60D1D81C2DB9}"
EndProject
Project("{9A19103F-16F7-4668-BE54-9A1E7A4F7556}") = "Catalog.API", "src\CatalogAPI\Catalog.API\Catalog.API.csproj", "{74CB6803-A270-421C-B61B-8E7C8EEAED2F}"
EndProject
Project("{2150E333-8FDC-42A3-9474-1A3956D46DE8}") = "Basket", "Basket", "{49E49B8B-A76D-4709-BE12-EF38A50D4C26}"
EndProject
Project("{9A19103F-16F7-4668-BE54-9A1E7A4F7556}") = "Basket.API", "src\Basket\Basket.API\Basket.API.csproj", "{9588FF27-C8D1-47B5-A3AA-0D2FF558E6DD}"
EndProject
Project("{E53339B2-1760-4266-BCC7-CA923CBCF16C}") = "docker-compose", "docker-compose.dcproj", "{1DF8A48D-5ABF-46C6-9909-E0BA62BB1DD4}"
EndProject
Project("{2150E333-8FDC-42A3-9474-1A3956D46DE8}") = "Common", "Common", "{67666E55-D32E-4046-9D0C-BFA9BA9A0610}"
EndProject
Project("{9A19103F-16F7-4668-BE54-9A1E7A4F7556}") = "EventBusRabbitMQ", "src\Common\EventBusRabbitMQ\EventBusRabbitMQ.csproj", "{E28AD8A3-4282-4F8B-A32D-660306200E32}"
EndProject
Project("{2150E333-8FDC-42A3-9474-1A3956D46DE8}") = "Ordering", "Ordering", "{0CA084AF-0671-4A3F-B043-FC50BD7BDA41}"
EndProject
Project("{FAE04EC0-301F-11D3-BF4B-00C04F79EFBC}") = "Ordering.API", "src\Ordering\Ordering.API\Ordering.API.csproj", "{6001D166-81E3-4390-BFD7-336D4BCABF03}"
EndProject
Project("{FAE04EC0-301F-11D3-BF4B-00C04F79EFBC}") = "Ordering.Core", "src\Ordering\Ordering.Core\Ordering.Core.csproj", "{483A82D6-89A9-4DF1-8196-D886712CFC9C}"
EndProject
Project("{FAE04EC0-301F-11D3-BF4B-00C04F79EFBC}") = "Ordering.Infrastructure", "src\Ordering\Ordering.Infrastructure\Ordering.Infrastructure.csproj", "{2CEA1B67-E3BE-42E1-AF26-0AFFACAA44B5}"
EndProject
Project("{FAE04EC0-301F-11D3-BF4B-00C04F79EFBC}") = "Ordering.Application", "src\Ordering\Ordering.Application\Ordering.Application.csproj", "{E51834B8-A498-420E-82BB-60E0CB4EA6D7}"
EndProject
Global
	GlobalSection(SolutionConfigurationPlatforms) = preSolution
		Debug|Any CPU = Debug|Any CPU
		Release|Any CPU = Release|Any CPU
	EndGlobalSection
	GlobalSection(ProjectConfigurationPlatforms) = postSolution
		{74CB6803-A270-421C-B61B-8E7C8EEAED2F}.Debug|Any CPU.ActiveCfg = Debug|Any CPU
		{74CB6803-A270-421C-B61B-8E7C8EEAED2F}.Debug|Any CPU.Build.0 = Debug|Any CPU
		{74CB6803-A270-421C-B61B-8E7C8EEAED2F}.Release|Any CPU.ActiveCfg = Release|Any CPU
		{74CB6803-A270-421C-B61B-8E7C8EEAED2F}.Release|Any CPU.Build.0 = Release|Any CPU
		{9588FF27-C8D1-47B5-A3AA-0D2FF558E6DD}.Debug|Any CPU.ActiveCfg = Debug|Any CPU
		{9588FF27-C8D1-47B5-A3AA-0D2FF558E6DD}.Debug|Any CPU.Build.0 = Debug|Any CPU
		{9588FF27-C8D1-47B5-A3AA-0D2FF558E6DD}.Release|Any CPU.ActiveCfg = Release|Any CPU
		{9588FF27-C8D1-47B5-A3AA-0D2FF558E6DD}.Release|Any CPU.Build.0 = Release|Any CPU
		{1DF8A48D-5ABF-46C6-9909-E0BA62BB1DD4}.Debug|Any CPU.ActiveCfg = Debug|Any CPU
		{1DF8A48D-5ABF-46C6-9909-E0BA62BB1DD4}.Debug|Any CPU.Build.0 = Debug|Any CPU
		{1DF8A48D-5ABF-46C6-9909-E0BA62BB1DD4}.Release|Any CPU.ActiveCfg = Release|Any CPU
		{1DF8A48D-5ABF-46C6-9909-E0BA62BB1DD4}.Release|Any CPU.Build.0 = Release|Any CPU
		{E28AD8A3-4282-4F8B-A32D-660306200E32}.Debug|Any CPU.ActiveCfg = Debug|Any CPU
		{E28AD8A3-4282-4F8B-A32D-660306200E32}.Debug|Any CPU.Build.0 = Debug|Any CPU
		{E28AD8A3-4282-4F8B-A32D-660306200E32}.Release|Any CPU.ActiveCfg = Release|Any CPU
		{E28AD8A3-4282-4F8B-A32D-660306200E32}.Release|Any CPU.Build.0 = Release|Any CPU
		{6001D166-81E3-4390-BFD7-336D4BCABF03}.Debug|Any CPU.ActiveCfg = Debug|Any CPU
		{6001D166-81E3-4390-BFD7-336D4BCABF03}.Debug|Any CPU.Build.0 = Debug|Any CPU
		{6001D166-81E3-4390-BFD7-336D4BCABF03}.Release|Any CPU.ActiveCfg = Release|Any CPU
		{6001D166-81E3-4390-BFD7-336D4BCABF03}.Release|Any CPU.Build.0 = Release|Any CPU
		{483A82D6-89A9-4DF1-8196-D886712CFC9C}.Debug|Any CPU.ActiveCfg = Debug|Any CPU
		{483A82D6-89A9-4DF1-8196-D886712CFC9C}.Debug|Any CPU.Build.0 = Debug|Any CPU
		{483A82D6-89A9-4DF1-8196-D886712CFC9C}.Release|Any CPU.ActiveCfg = Release|Any CPU
		{483A82D6-89A9-4DF1-8196-D886712CFC9C}.Release|Any CPU.Build.0 = Release|Any CPU
		{2CEA1B67-E3BE-42E1-AF26-0AFFACAA44B5}.Debug|Any CPU.ActiveCfg = Debug|Any CPU
		{2CEA1B67-E3BE-42E1-AF26-0AFFACAA44B5}.Debug|Any CPU.Build.0 = Debug|Any CPU
		{2CEA1B67-E3BE-42E1-AF26-0AFFACAA44B5}.Release|Any CPU.ActiveCfg = Release|Any CPU
		{2CEA1B67-E3BE-42E1-AF26-0AFFACAA44B5}.Release|Any CPU.Build.0 = Release|Any CPU
		{E51834B8-A498-420E-82BB-60E0CB4EA6D7}.Debug|Any CPU.ActiveCfg = Debug|Any CPU
		{E51834B8-A498-420E-82BB-60E0CB4EA6D7}.Debug|Any CPU.Build.0 = Debug|Any CPU
		{E51834B8-A498-420E-82BB-60E0CB4EA6D7}.Release|Any CPU.ActiveCfg = Release|Any CPU
		{E51834B8-A498-420E-82BB-60E0CB4EA6D7}.Release|Any CPU.Build.0 = Release|Any CPU
	EndGlobalSection
	GlobalSection(SolutionProperties) = preSolution
		HideSolutionNode = FALSE
	EndGlobalSection
	GlobalSection(NestedProjects) = preSolution
		{B09F3B01-F470-4D98-BB6C-60D1D81C2DB9} = {F5A212F4-1A13-4321-9C11-409081750216}
		{74CB6803-A270-421C-B61B-8E7C8EEAED2F} = {B09F3B01-F470-4D98-BB6C-60D1D81C2DB9}
		{49E49B8B-A76D-4709-BE12-EF38A50D4C26} = {F5A212F4-1A13-4321-9C11-409081750216}
		{9588FF27-C8D1-47B5-A3AA-0D2FF558E6DD} = {49E49B8B-A76D-4709-BE12-EF38A50D4C26}
		{67666E55-D32E-4046-9D0C-BFA9BA9A0610} = {F5A212F4-1A13-4321-9C11-409081750216}
		{E28AD8A3-4282-4F8B-A32D-660306200E32} = {67666E55-D32E-4046-9D0C-BFA9BA9A0610}
		{0CA084AF-0671-4A3F-B043-FC50BD7BDA41} = {F5A212F4-1A13-4321-9C11-409081750216}
		{6001D166-81E3-4390-BFD7-336D4BCABF03} = {0CA084AF-0671-4A3F-B043-FC50BD7BDA41}
		{483A82D6-89A9-4DF1-8196-D886712CFC9C} = {0CA084AF-0671-4A3F-B043-FC50BD7BDA41}
		{2CEA1B67-E3BE-42E1-AF26-0AFFACAA44B5} = {0CA084AF-0671-4A3F-B043-FC50BD7BDA41}
		{E51834B8-A498-420E-82BB-60E0CB4EA6D7} = {0CA084AF-0671-4A3F-B043-FC50BD7BDA41}
	EndGlobalSection
	GlobalSection(ExtensibilityGlobals) = postSolution
		SolutionGuid = {04E3DA72-2723-4BB2-97E4-859F5E212568}
	EndGlobalSection
EndGlobal
